
Microsoft Visual Studio Solution File, Format Version 12.00
# Visual Studio 2012
Project("{FAE04EC0-301F-11D3-BF4B-00C04F79EFBC}") = "Bank", "Bank\Bank.csproj", "{3E9BF2A0-C842-49FA-A941-CE1C2BE9675D}"
EndProject
Project("{FAE04EC0-301F-11D3-BF4B-00C04F79EFBC}") = "Client", "Client\Client.csproj", "{800DA335-3C33-4E4D-BD35-EA4A0E628107}"
EndProject
Project("{FAE04EC0-301F-11D3-BF4B-00C04F79EFBC}") = "Bank.Test", "Bank.Test\Bank.Test.csproj", "{DE80FA56-03A4-45B8-8047-DD8B881F1240}"
EndProject
Global
	GlobalSection(SolutionConfigurationPlatforms) = preSolution
		Debug|Any CPU = Debug|Any CPU
		Release|Any CPU = Release|Any CPU
	EndGlobalSection
	GlobalSection(ProjectConfigurationPlatforms) = postSolution
		{3E9BF2A0-C842-49FA-A941-CE1C2BE9675D}.Debug|Any CPU.ActiveCfg = Debug|Any CPU
		{3E9BF2A0-C842-49FA-A941-CE1C2BE9675D}.Debug|Any CPU.Build.0 = Debug|Any CPU
		{3E9BF2A0-C842-49FA-A941-CE1C2BE9675D}.Release|Any CPU.ActiveCfg = Release|Any CPU
		{3E9BF2A0-C842-49FA-A941-CE1C2BE9675D}.Release|Any CPU.Build.0 = Release|Any CPU
		{800DA335-3C33-4E4D-BD35-EA4A0E628107}.Debug|Any CPU.ActiveCfg = Debug|Any CPU
		{800DA335-3C33-4E4D-BD35-EA4A0E628107}.Debug|Any CPU.Build.0 = Debug|Any CPU
		{800DA335-3C33-4E4D-BD35-EA4A0E628107}.Release|Any CPU.ActiveCfg = Release|Any CPU
		{800DA335-3C33-4E4D-BD35-EA4A0E628107}.Release|Any CPU.Build.0 = Release|Any CPU
		{DE80FA56-03A4-45B8-8047-DD8B881F1240}.Debug|Any CPU.ActiveCfg = Debug|Any CPU
		{DE80FA56-03A4-45B8-8047-DD8B881F1240}.Debug|Any CPU.Build.0 = Debug|Any CPU
		{DE80FA56-03A4-45B8-8047-DD8B881F1240}.Release|Any CPU.ActiveCfg = Release|Any CPU
		{DE80FA56-03A4-45B8-8047-DD8B881F1240}.Release|Any CPU.Build.0 = Release|Any CPU
	EndGlobalSection
	GlobalSection(SolutionProperties) = preSolution
		HideSolutionNode = FALSE
	EndGlobalSection
EndGlobal
